{
    "version": 3,
    "terraform_version": "0.11.7",
    "serial": 2,
    "lineage": "6ca4cfc7-675f-0a19-1a04-138c32b3ea84",
    "modules": [
        {
            "path": [
                "root"
            ],
            "outputs": {
                "id": {
                    "sensitive": false,
                    "type": "string",
                    "value": "arn:aws:sns:us-east-1:374553884378:http"
                },
                "sns_topic_arn": {
                    "sensitive": false,
                    "type": "string",
                    "value": "arn:aws:sns:us-east-1:374553884378:http"
                }
            },
            "resources": {
                "aws_sns_sms_preferences.update_sms_prefes": {
                    "type": "aws_sns_sms_preferences",
                    "depends_on": [],
                    "primary": {
                        "id": "aws_sns_sms_id",
                        "attributes": {
                            "id": "aws_sns_sms_id"
                        },
                        "meta": {},
                        "tainted": false
                    },
                    "deposed": [],
                    "provider": "provider.aws"
                },
                "aws_sns_topic.main": {
                    "type": "aws_sns_topic",
                    "depends_on": [],
                    "primary": {
                        "id": "arn:aws:sns:us-east-1:374553884378:http",
                        "attributes": {
                            "application_failure_feedback_role_arn": "",
                            "application_success_feedback_role_arn": "",
                            "application_success_feedback_sample_rate": "0",
                            "arn": "arn:aws:sns:us-east-1:374553884378:http",
                            "delivery_policy": "",
                            "display_name": "email",
                            "http_failure_feedback_role_arn": "",
                            "http_success_feedback_role_arn": "",
                            "http_success_feedback_sample_rate": "0",
                            "id": "arn:aws:sns:us-east-1:374553884378:http",
                            "lambda_failure_feedback_role_arn": "",
                            "lambda_success_feedback_role_arn": "",
                            "lambda_success_feedback_sample_rate": "0",
                            "name": "http",
                            "policy": "{\"Version\":\"2008-10-17\",\"Id\":\"__default_policy_ID\",\"Statement\":[{\"Sid\":\"__default_statement_ID\",\"Effect\":\"Allow\",\"Principal\":{\"AWS\":\"*\"},\"Action\":[\"SNS:GetTopicAttributes\",\"SNS:SetTopicAttributes\",\"SNS:AddPermission\",\"SNS:RemovePermission\",\"SNS:DeleteTopic\",\"SNS:Subscribe\",\"SNS:ListSubscriptionsByTopic\",\"SNS:Publish\",\"SNS:Receive\"],\"Resource\":\"arn:aws:sns:us-east-1:374553884378:http\",\"Condition\":{\"StringEquals\":{\"AWS:SourceOwner\":\"374553884378\"}}}]}",
                            "sqs_failure_feedback_role_arn": "",
                            "sqs_success_feedback_role_arn": "",
                            "sqs_success_feedback_sample_rate": "0"
                        },
                        "meta": {},
                        "tainted": false
                    },
                    "deposed": [],
                    "provider": "provider.aws"
                },
                "aws_sns_topic_policy.default": {
                    "type": "aws_sns_topic_policy",
                    "depends_on": [
                        "aws_sns_topic.main"
                    ],
                    "primary": {
                        "id": "arn:aws:sns:us-east-1:374553884378:http",
                        "attributes": {
                            "arn": "arn:aws:sns:us-east-1:374553884378:http",
                            "id": "arn:aws:sns:us-east-1:374553884378:http",
                            "policy": "{\"Version\":\"2008-10-17\",\"Id\":\"__default_policy_ID\",\"Statement\":[{\"Sid\":\"__default_statement_ID\",\"Effect\":\"Allow\",\"Principal\":{\"AWS\":\"*\"},\"Action\":[\"SNS:Subscribe\",\"SNS:ListSubscriptionsByTopic\",\"SNS:DeleteTopic\",\"SNS:GetTopicAttributes\",\"SNS:Publish\",\"SNS:RemovePermission\",\"SNS:AddPermission\",\"SNS:Receive\",\"SNS:SetTopicAttributes\"],\"Resource\":\"arn:aws:sns:us-east-1:374553884378:http\"}]}"
                        },
                        "meta": {},
                        "tainted": false
                    },
                    "deposed": [],
                    "provider": "provider.aws"
                }
            },
            "depends_on": []
        }
    ]
}
