{
    "version": 3,
    "terraform_version": "0.11.7",
    "serial": 3,
    "lineage": "37a9e0df-d755-b794-f50a-175646dd6869",
    "modules": [
        {
            "path": [
                "root"
            ],
            "outputs": {
                "arn": {
                    "sensitive": false,
                    "type": "string",
                    "value": "arn:aws:sqs:us-east-1:374553884378:sqs-default"
                },
                "id": {
                    "sensitive": false,
                    "type": "string",
                    "value": "https://sqs.us-east-1.amazonaws.com/374553884378/sqs-default"
                }
            },
            "resources": {
                "aws_sqs_queue.sqsmain": {
                    "type": "aws_sqs_queue",
                    "depends_on": [],
                    "primary": {
                        "id": "https://sqs.us-east-1.amazonaws.com/374553884378/sqs-default",
                        "attributes": {
                            "arn": "arn:aws:sqs:us-east-1:374553884378:sqs-default",
                            "content_based_deduplication": "false",
                            "delay_seconds": "0",
                            "fifo_queue": "false",
                            "id": "https://sqs.us-east-1.amazonaws.com/374553884378/sqs-default",
                            "max_message_size": "262144",
                            "message_retention_seconds": "345600",
                            "name": "sqs-default",
                            "receive_wait_time_seconds": "0",
                            "tags.%": "0",
                            "visibility_timeout_seconds": "30"
                        },
                        "meta": {},
                        "tainted": false
                    },
                    "deposed": [],
                    "provider": "provider.aws"
                },
                "aws_sqs_queue_policy.sqsmain": {
                    "type": "aws_sqs_queue_policy",
                    "depends_on": [
                        "aws_sqs_queue.sqsmain"
                    ],
                    "primary": {
                        "id": "https://sqs.us-east-1.amazonaws.com/374553884378/sqs-default",
                        "attributes": {
                            "id": "https://sqs.us-east-1.amazonaws.com/374553884378/sqs-default",
                            "policy": "{\"Version\":\"2012-10-17\",\"Id\":\"sqspolicy\",\"Statement\":[{\"Sid\":\"First\",\"Effect\":\"Allow\",\"Principal\":\"*\",\"Action\":\"sqs:SendMessage\",\"Resource\":\"arn:aws:sqs:us-east-1:374553884378:sqs-default\",\"Condition\":{\"ArnEquals\":{\"aws:SourceArn\":\"arn:aws:sqs:us-east-1:374553884378:sqs-default\"}}}]}",
                            "queue_url": "https://sqs.us-east-1.amazonaws.com/374553884378/sqs-default"
                        },
                        "meta": {
                            "schema_version": "1"
                        },
                        "tainted": false
                    },
                    "deposed": [],
                    "provider": "provider.aws"
                }
            },
            "depends_on": []
        }
    ]
}
